
Microsoft Visual Studio Solution File, Format Version 12.00
# Visual Studio Version 17
VisualStudioVersion = 17.5.33627.172
MinimumVisualStudioVersion = 10.0.40219.1
Project("{FAE04EC0-301F-11D3-BF4B-00C04F79EFBC}") = "Ejercicio1", "Ejercicio1\Ejercicio1.csproj", "{4FD38B40-02E2-441D-BF5D-C9E8EF304CFC}"
EndProject
Global
	GlobalSection(SolutionConfigurationPlatforms) = preSolution
		Debug|Any CPU = Debug|Any CPU
		Release|Any CPU = Release|Any CPU
	EndGlobalSection
	GlobalSection(ProjectConfigurationPlatforms) = postSolution
		{4FD38B40-02E2-441D-BF5D-C9E8EF304CFC}.Debug|Any CPU.ActiveCfg = Debug|Any CPU
		{4FD38B40-02E2-441D-BF5D-C9E8EF304CFC}.Debug|Any CPU.Build.0 = Debug|Any CPU
		{4FD38B40-02E2-441D-BF5D-C9E8EF304CFC}.Release|Any CPU.ActiveCfg = Release|Any CPU
		{4FD38B40-02E2-441D-BF5D-C9E8EF304CFC}.Release|Any CPU.Build.0 = Release|Any CPU
	EndGlobalSection
	GlobalSection(SolutionProperties) = preSolution
		HideSolutionNode = FALSE
	EndGlobalSection
	GlobalSection(ExtensibilityGlobals) = postSolution
		SolutionGuid = {D16CF431-E178-4BE4-9E6C-5885A9C3C718}
	EndGlobalSection
EndGlobal
